// !$*UTF8*$!
{
	archiveVersion = 1;
	classes = {
	};
	objectVersion = 46;
	objects = {

/* Begin PBXBuildFile section */
		CD025F431FBD541E009AEC61 /* AppDelegate.swift in Sources */ = {isa = PBXBuildFile; fileRef = CD025F421FBD541E009AEC61 /* AppDelegate.swift */; };
		CD025F451FBD541E009AEC61 /* ViewController.swift in Sources */ = {isa = PBXBuildFile; fileRef = CD025F441FBD541E009AEC61 /* ViewController.swift */; };
		CD025F481FBD541E009AEC61 /* Main.storyboard in Resources */ = {isa = PBXBuildFile; fileRef = CD025F461FBD541E009AEC61 /* Main.storyboard */; };
		CD025F4A1FBD541E009AEC61 /* Assets.xcassets in Resources */ = {isa = PBXBuildFile; fileRef = CD025F491FBD541E009AEC61 /* Assets.xcassets */; };
		CD025F4D1FBD541E009AEC61 /* LaunchScreen.storyboard in Resources */ = {isa = PBXBuildFile; fileRef = CD025F4B1FBD541E009AEC61 /* LaunchScreen.storyboard */; };
		CD025F581FBD541E009AEC61 /* DEUSearchBTests.swift in Sources */ = {isa = PBXBuildFile; fileRef = CD025F571FBD541E009AEC61 /* DEUSearchBTests.swift */; };
		CD025F631FBD541E009AEC61 /* DEUSearchBUITests.swift in Sources */ = {isa = PBXBuildFile; fileRef = CD025F621FBD541E009AEC61 /* DEUSearchBUITests.swift */; };
/* End PBXBuildFile section */

/* Begin PBXContainerItemProxy section */
		CD025F541FBD541E009AEC61 /* PBXContainerItemProxy */ = {
			isa = PBXContainerItemProxy;
			containerPortal = CD025F371FBD541E009AEC61 /* Project object */;
			proxyType = 1;
			remoteGlobalIDString = CD025F3E1FBD541E009AEC61;
			remoteInfo = DEUSearchB;
		};
		CD025F5F1FBD541E009AEC61 /* PBXContainerItemProxy */ = {
			isa = PBXContainerItemProxy;
			containerPortal = CD025F371FBD541E009AEC61 /* Project object */;
			proxyType = 1;
			remoteGlobalIDString = CD025F3E1FBD541E009AEC61;
			remoteInfo = DEUSearchB;
		};
/* End PBXContainerItemProxy section */

/* Begin PBXFileReference section */
		CD025F3F1FBD541E009AEC61 /* DEUSearchB.app */ = {isa = PBXFileReference; explicitFileType = wrapper.application; includeInIndex = 0; path = DEUSearchB.app; sourceTree = BUILT_PRODUCTS_DIR; };
		CD025F421FBD541E009AEC61 /* AppDelegate.swift */ = {isa = PBXFileReference; lastKnownFileType = sourcecode.swift; path = AppDelegate.swift; sourceTree = "<group>"; };
		CD025F441FBD541E009AEC61 /* ViewController.swift */ = {isa = PBXFileReference; lastKnownFileType = sourcecode.swift; path = ViewController.swift; sourceTree = "<group>"; };
		CD025F471FBD541E009AEC61 /* Base */ = {isa = PBXFileReference; lastKnownFileType = file.storyboard; name = Base; path = Base.lproj/Main.storyboard; sourceTree = "<group>"; };
		CD025F491FBD541E009AEC61 /* Assets.xcassets */ = {isa = PBXFileReference; lastKnownFileType = folder.assetcatalog; path = Assets.xcassets; sourceTree = "<group>"; };
		CD025F4C1FBD541E009AEC61 /* Base */ = {isa = PBXFileReference; lastKnownFileType = file.storyboard; name = Base; path = Base.lproj/LaunchScreen.storyboard; sourceTree = "<group>"; };
		CD025F4E1FBD541E009AEC61 /* Info.plist */ = {isa = PBXFileReference; lastKnownFileType = text.plist.xml; path = Info.plist; sourceTree = "<group>"; };
		CD025F531FBD541E009AEC61 /* DEUSearchBTests.xctest */ = {isa = PBXFileReference; explicitFileType = wrapper.cfbundle; includeInIndex = 0; path = DEUSearchBTests.xctest; sourceTree = BUILT_PRODUCTS_DIR; };
		CD025F571FBD541E009AEC61 /* DEUSearchBTests.swift */ = {isa = PBXFileReference; lastKnownFileType = sourcecode.swift; path = DEUSearchBTests.swift; sourceTree = "<group>"; };
		CD025F591FBD541E009AEC61 /* Info.plist */ = {isa = PBXFileReference; lastKnownFileType = text.plist.xml; path = Info.plist; sourceTree = "<group>"; };
		CD025F5E1FBD541E009AEC61 /* DEUSearchBUITests.xctest */ = {isa = PBXFileReference; explicitFileType = wrapper.cfbundle; includeInIndex = 0; path = DEUSearchBUITests.xctest; sourceTree = BUILT_PRODUCTS_DIR; };
		CD025F621FBD541E009AEC61 /* DEUSearchBUITests.swift */ = {isa = PBXFileReference; lastKnownFileType = sourcecode.swift; path = DEUSearchBUITests.swift; sourceTree = "<group>"; };
		CD025F641FBD541E009AEC61 /* Info.plist */ = {isa = PBXFileReference; lastKnownFileType = text.plist.xml; path = Info.plist; sourceTree = "<group>"; };
/* End PBXFileReference section */

/* Begin PBXFrameworksBuildPhase section */
		CD025F3C1FBD541E009AEC61 /* Frameworks */ = {
			isa = PBXFrameworksBuildPhase;
			buildActionMask = 2147483647;
			files = (
			);
			runOnlyForDeploymentPostprocessing = 0;
		};
		CD025F501FBD541E009AEC61 /* Frameworks */ = {
			isa = PBXFrameworksBuildPhase;
			buildActionMask = 2147483647;
			files = (
			);
			runOnlyForDeploymentPostprocessing = 0;
		};
		CD025F5B1FBD541E009AEC61 /* Frameworks */ = {
			isa = PBXFrameworksBuildPhase;
			buildActionMask = 2147483647;
			files = (
			);
			runOnlyForDeploymentPostprocessing = 0;
		};
/* End PBXFrameworksBuildPhase section */

/* Begin PBXGroup section */
		CD025F361FBD541E009AEC61 = {
			isa = PBXGroup;
			children = (
				CD025F411FBD541E009AEC61 /* DEUSearchB */,
				CD025F561FBD541E009AEC61 /* DEUSearchBTests */,
				CD025F611FBD541E009AEC61 /* DEUSearchBUITests */,
				CD025F401FBD541E009AEC61 /* Products */,
			);
			sourceTree = "<group>";
		};
		CD025F401FBD541E009AEC61 /* Products */ = {
			isa = PBXGroup;
			children = (
				CD025F3F1FBD541E009AEC61 /* DEUSearchB.app */,
				CD025F531FBD541E009AEC61 /* DEUSearchBTests.xctest */,
				CD025F5E1FBD541E009AEC61 /* DEUSearchBUITests.xctest */,
			);
			name = Products;
			sourceTree = "<group>";
		};
		CD025F411FBD541E009AEC61 /* DEUSearchB */ = {
			isa = PBXGroup;
			children = (
				CD025F421FBD541E009AEC61 /* AppDelegate.swift */,
				CD025F441FBD541E009AEC61 /* ViewController.swift */,
				CD025F461FBD541E009AEC61 /* Main.storyboard */,
				CD025F491FBD541E009AEC61 /* Assets.xcassets */,
				CD025F4B1FBD541E009AEC61 /* LaunchScreen.storyboard */,
				CD025F4E1FBD541E009AEC61 /* Info.plist */,
			);
			path = DEUSearchB;
			sourceTree = "<group>";
		};
		CD025F561FBD541E009AEC61 /* DEUSearchBTests */ = {
			isa = PBXGroup;
			children = (
				CD025F571FBD541E009AEC61 /* DEUSearchBTests.swift */,
				CD025F591FBD541E009AEC61 /* Info.plist */,
			);
			path = DEUSearchBTests;
			sourceTree = "<group>";
		};
		CD025F611FBD541E009AEC61 /* DEUSearchBUITests */ = {
			isa = PBXGroup;
			children = (
				CD025F621FBD541E009AEC61 /* DEUSearchBUITests.swift */,
				CD025F641FBD541E009AEC61 /* Info.plist */,
			);
			path = DEUSearchBUITests;
			sourceTree = "<group>";
		};
/* End PBXGroup section */

/* Begin PBXNativeTarget section */
		CD025F3E1FBD541E009AEC61 /* DEUSearchB */ = {
			isa = PBXNativeTarget;
			buildConfigurationList = CD025F671FBD541E009AEC61 /* Build configuration list for PBXNativeTarget "DEUSearchB" */;
			buildPhases = (
				CD025F3B1FBD541E009AEC61 /* Sources */,
				CD025F3C1FBD541E009AEC61 /* Frameworks */,
				CD025F3D1FBD541E009AEC61 /* Resources */,
			);
			buildRules = (
			);
			dependencies = (
			);
			name = DEUSearchB;
			productName = DEUSearchB;
			productReference = CD025F3F1FBD541E009AEC61 /* DEUSearchB.app */;
			productType = "com.apple.product-type.application";
		};
		CD025F521FBD541E009AEC61 /* DEUSearchBTests */ = {
			isa = PBXNativeTarget;
			buildConfigurationList = CD025F6A1FBD541E009AEC61 /* Build configuration list for PBXNativeTarget "DEUSearchBTests" */;
			buildPhases = (
				CD025F4F1FBD541E009AEC61 /* Sources */,
				CD025F501FBD541E009AEC61 /* Frameworks */,
				CD025F511FBD541E009AEC61 /* Resources */,
			);
			buildRules = (
			);
			dependencies = (
				CD025F551FBD541E009AEC61 /* PBXTargetDependency */,
			);
			name = DEUSearchBTests;
			productName = DEUSearchBTests;
			productReference = CD025F531FBD541E009AEC61 /* DEUSearchBTests.xctest */;
			productType = "com.apple.product-type.bundle.unit-test";
		};
		CD025F5D1FBD541E009AEC61 /* DEUSearchBUITests */ = {
			isa = PBXNativeTarget;
			buildConfigurationList = CD025F6D1FBD541E009AEC61 /* Build configuration list for PBXNativeTarget "DEUSearchBUITests" */;
			buildPhases = (
				CD025F5A1FBD541E009AEC61 /* Sources */,
				CD025F5B1FBD541E009AEC61 /* Frameworks */,
				CD025F5C1FBD541E009AEC61 /* Resources */,
			);
			buildRules = (
			);
			dependencies = (
				CD025F601FBD541E009AEC61 /* PBXTargetDependency */,
			);
			name = DEUSearchBUITests;
			productName = DEUSearchBUITests;
			productReference = CD025F5E1FBD541E009AEC61 /* DEUSearchBUITests.xctest */;
			productType = "com.apple.product-type.bundle.ui-testing";
		};
/* End PBXNativeTarget section */

/* Begin PBXProject section */
		CD025F371FBD541E009AEC61 /* Project object */ = {
			isa = PBXProject;
			attributes = {
				LastSwiftUpdateCheck = 0830;
				LastUpgradeCheck = 0830;
				ORGANIZATIONNAME = D7703_21;
				TargetAttributes = {
					CD025F3E1FBD541E009AEC61 = {
						CreatedOnToolsVersion = 8.3.3;
						ProvisioningStyle = Automatic;
					};
					CD025F521FBD541E009AEC61 = {
						CreatedOnToolsVersion = 8.3.3;
						ProvisioningStyle = Automatic;
						TestTargetID = CD025F3E1FBD541E009AEC61;
					};
					CD025F5D1FBD541E009AEC61 = {
						CreatedOnToolsVersion = 8.3.3;
						ProvisioningStyle = Automatic;
						TestTargetID = CD025F3E1FBD541E009AEC61;
					};
				};
			};
			buildConfigurationList = CD025F3A1FBD541E009AEC61 /* Build configuration list for PBXProject "DEUSearchB" */;
			compatibilityVersion = "Xcode 3.2";
			developmentRegion = English;
			hasScannedForEncodings = 0;
			knownRegions = (
				en,
				Base,
			);
			mainGroup = CD025F361FBD541E009AEC61;
			productRefGroup = CD025F401FBD541E009AEC61 /* Products */;
			projectDirPath = "";
			projectRoot = "";
			targets = (
				CD025F3E1FBD541E009AEC61 /* DEUSearchB */,
				CD025F521FBD541E009AEC61 /* DEUSearchBTests */,
				CD025F5D1FBD541E009AEC61 /* DEUSearchBUITests */,
			);
		};
/* End PBXProject section */

/* Begin PBXResourcesBuildPhase section */
		CD025F3D1FBD541E009AEC61 /* Resources */ = {
			isa = PBXResourcesBuildPhase;
			buildActionMask = 2147483647;
			files = (
				CD025F4D1FBD541E009AEC61 /* LaunchScreen.storyboard in Resources */,
				CD025F4A1FBD541E009AEC61 /* Assets.xcassets in Resources */,
				CD025F481FBD541E009AEC61 /* Main.storyboard in Resources */,
			);
			runOnlyForDeploymentPostprocessing = 0;
		};
		CD025F511FBD541E009AEC61 /* Resources */ = {
			isa = PBXResourcesBuildPhase;
			buildActionMask = 2147483647;
			files = (
			);
			runOnlyForDeploymentPostprocessing = 0;
		};
		CD025F5C1FBD541E009AEC61 /* Resources */ = {
			isa = PBXResourcesBuildPhase;
			buildActionMask = 2147483647;
			files = (
			);
			runOnlyForDeploymentPostprocessing = 0;
		};
/* End PBXResourcesBuildPhase section */

/* Begin PBXSourcesBuildPhase section */
		CD025F3B1FBD541E009AEC61 /* Sources */ = {
			isa = PBXSourcesBuildPhase;
			buildActionMask = 2147483647;
			files = (
				CD025F451FBD541E009AEC61 /* ViewController.swift in Sources */,
				CD025F431FBD541E009AEC61 /* AppDelegate.swift in Sources */,
			);
			runOnlyForDeploymentPostprocessing = 0;
		};
		CD025F4F1FBD541E009AEC61 /* Sources */ = {
			isa = PBXSourcesBuildPhase;
			buildActionMask = 2147483647;
			files = (
				CD025F581FBD541E009AEC61 /* DEUSearchBTests.swift in Sources */,
			);
			runOnlyForDeploymentPostprocessing = 0;
		};
		CD025F5A1FBD541E009AEC61 /* Sources */ = {
			isa = PBXSourcesBuildPhase;
			buildActionMask = 2147483647;
			files = (
				CD025F631FBD541E009AEC61 /* DEUSearchBUITests.swift in Sources */,
			);
			runOnlyForDeploymentPostprocessing = 0;
		};
/* End PBXSourcesBuildPhase section */

/* Begin PBXTargetDependency section */
		CD025F551FBD541E009AEC61 /* PBXTargetDependency */ = {
			isa = PBXTargetDependency;
			target = CD025F3E1FBD541E009AEC61 /* DEUSearchB */;
			targetProxy = CD025F541FBD541E009AEC61 /* PBXContainerItemProxy */;
		};
		CD025F601FBD541E009AEC61 /* PBXTargetDependency */ = {
			isa = PBXTargetDependency;
			target = CD025F3E1FBD541E009AEC61 /* DEUSearchB */;
			targetProxy = CD025F5F1FBD541E009AEC61 /* PBXContainerItemProxy */;
		};
/* End PBXTargetDependency section */

/* Begin PBXVariantGroup section */
		CD025F461FBD541E009AEC61 /* Main.storyboard */ = {
			isa = PBXVariantGroup;
			children = (
				CD025F471FBD541E009AEC61 /* Base */,
			);
			name = Main.storyboard;
			sourceTree = "<group>";
		};
		CD025F4B1FBD541E009AEC61 /* LaunchScreen.storyboard */ = {
			isa = PBXVariantGroup;
			children = (
				CD025F4C1FBD541E009AEC61 /* Base */,
			);
			name = LaunchScreen.storyboard;
			sourceTree = "<group>";
		};
/* End PBXVariantGroup section */

/* Begin XCBuildConfiguration section */
		CD025F651FBD541E009AEC61 /* Debug */ = {
			isa = XCBuildConfiguration;
			buildSettings = {
				ALWAYS_SEARCH_USER_PATHS = NO;
				CLANG_ANALYZER_NONNULL = YES;
				CLANG_ANALYZER_NUMBER_OBJECT_CONVERSION = YES_AGGRESSIVE;
				CLANG_CXX_LANGUAGE_STANDARD = "gnu++0x";
				CLANG_CXX_LIBRARY = "libc++";
				CLANG_ENABLE_MODULES = YES;
				CLANG_ENABLE_OBJC_ARC = YES;
				CLANG_WARN_BOOL_CONVERSION = YES;
				CLANG_WARN_CONSTANT_CONVERSION = YES;
				CLANG_WARN_DIRECT_OBJC_ISA_USAGE = YES_ERROR;
				CLANG_WARN_DOCUMENTATION_COMMENTS = YES;
				CLANG_WARN_EMPTY_BODY = YES;
				CLANG_WARN_ENUM_CONVERSION = YES;
				CLANG_WARN_INFINITE_RECURSION = YES;
				CLANG_WARN_INT_CONVERSION = YES;
				CLANG_WARN_OBJC_ROOT_CLASS = YES_ERROR;
				CLANG_WARN_SUSPICIOUS_MOVE = YES;
				CLANG_WARN_UNREACHABLE_CODE = YES;
				CLANG_WARN__DUPLICATE_METHOD_MATCH = YES;
				"CODE_SIGN_IDENTITY[sdk=iphoneos*]" = "iPhone Developer";
				COPY_PHASE_STRIP = NO;
				DEBUG_INFORMATION_FORMAT = dwarf;
				ENABLE_STRICT_OBJC_MSGSEND = YES;
				ENABLE_TESTABILITY = YES;
				GCC_C_LANGUAGE_STANDARD = gnu99;
				GCC_DYNAMIC_NO_PIC = NO;
				GCC_NO_COMMON_BLOCKS = YES;
				GCC_OPTIMIZATION_LEVEL = 0;
				GCC_PREPROCESSOR_DEFINITIONS = (
					"DEBUG=1",
					"$(inherited)",
				);
				GCC_WARN_64_TO_32_BIT_CONVERSION = YES;
				GCC_WARN_ABOUT_RETURN_TYPE = YES_ERROR;
				GCC_WARN_UNDECLARED_SELECTOR = YES;
				GCC_WARN_UNINITIALIZED_AUTOS = YES_AGGRESSIVE;
				GCC_WARN_UNUSED_FUNCTION = YES;
				GCC_WARN_UNUSED_VARIABLE = YES;
				IPHONEOS_DEPLOYMENT_TARGET = 10.3;
				MTL_ENABLE_DEBUG_INFO = YES;
				ONLY_ACTIVE_ARCH = YES;
				SDKROOT = iphoneos;
				SWIFT_ACTIVE_COMPILATION_CONDITIONS = DEBUG;
				SWIFT_OPTIMIZATION_LEVEL = "-Onone";
			};
			name = Debug;
		};
		CD025F661FBD541E009AEC61 /* Release */ = {
			isa = XCBuildConfiguration;
			buildSettings = {
				ALWAYS_SEARCH_USER_PATHS = NO;
				CLANG_ANALYZER_NONNULL = YES;
				CLANG_ANALYZER_NUMBER_OBJECT_CONVERSION = YES_AGGRESSIVE;
				CLANG_CXX_LANGUAGE_STANDARD = "gnu++0x";
				CLANG_CXX_LIBRARY = "libc++";
				CLANG_ENABLE_MODULES = YES;
				CLANG_ENABLE_OBJC_ARC = YES;
				CLANG_WARN_BOOL_CONVERSION = YES;
				CLANG_WARN_CONSTANT_CONVERSION = YES;
				CLANG_WARN_DIRECT_OBJC_ISA_USAGE = YES_ERROR;
				CLANG_WARN_DOCUMENTATION_COMMENTS = YES;
				CLANG_WARN_EMPTY_BODY = YES;
				CLANG_WARN_ENUM_CONVERSION = YES;
				CLANG_WARN_INFINITE_RECURSION = YES;
				CLANG_WARN_INT_CONVERSION = YES;
				CLANG_WARN_OBJC_ROOT_CLASS = YES_ERROR;
				CLANG_WARN_SUSPICIOUS_MOVE = YES;
				CLANG_WARN_UNREACHABLE_CODE = YES;
				CLANG_WARN__DUPLICATE_METHOD_MATCH = YES;
				"CODE_SIGN_IDENTITY[sdk=iphoneos*]" = "iPhone Developer";
				COPY_PHASE_STRIP = NO;
				DEBUG_INFORMATION_FORMAT = "dwarf-with-dsym";
				ENABLE_NS_ASSERTIONS = NO;
				ENABLE_STRICT_OBJC_MSGSEND = YES;
				GCC_C_LANGUAGE_STANDARD = gnu99;
				GCC_NO_COMMON_BLOCKS = YES;
				GCC_WARN_64_TO_32_BIT_CONVERSION = YES;
				GCC_WARN_ABOUT_RETURN_TYPE = YES_ERROR;
				GCC_WARN_UNDECLARED_SELECTOR = YES;
				GCC_WARN_UNINITIALIZED_AUTOS = YES_AGGRESSIVE;
				GCC_WARN_UNUSED_FUNCTION = YES;
				GCC_WARN_UNUSED_VARIABLE = YES;
				IPHONEOS_DEPLOYMENT_TARGET = 10.3;
				MTL_ENABLE_DEBUG_INFO = NO;
				SDKROOT = iphoneos;
				SWIFT_OPTIMIZATION_LEVEL = "-Owholemodule";
				VALIDATE_PRODUCT = YES;
			};
			name = Release;
		};
		CD025F681FBD541E009AEC61 /* Debug */ = {
			isa = XCBuildConfiguration;
			buildSettings = {
				ASSETCATALOG_COMPILER_APPICON_NAME = AppIcon;
				INFOPLIST_FILE = DEUSearchB/Info.plist;
				LD_RUNPATH_SEARCH_PATHS = "$(inherited) @executable_path/Frameworks";
				PRODUCT_BUNDLE_IDENTIFIER = "-01531479.DEUSearchB";
				PRODUCT_NAME = "$(TARGET_NAME)";
				SWIFT_VERSION = 3.0;
			};
			name = Debug;
		};
		CD025F691FBD541E009AEC61 /* Release */ = {
			isa = XCBuildConfiguration;
			buildSettings = {
				ASSETCATALOG_COMPILER_APPICON_NAME = AppIcon;
				INFOPLIST_FILE = DEUSearchB/Info.plist;
				LD_RUNPATH_SEARCH_PATHS = "$(inherited) @executable_path/Frameworks";
				PRODUCT_BUNDLE_IDENTIFIER = "-01531479.DEUSearchB";
				PRODUCT_NAME = "$(TARGET_NAME)";
				SWIFT_VERSION = 3.0;
			};
			name = Release;
		};
		CD025F6B1FBD541E009AEC61 /* Debug */ = {
			isa = XCBuildConfiguration;
			buildSettings = {
				ALWAYS_EMBED_SWIFT_STANDARD_LIBRARIES = YES;
				BUNDLE_LOADER = "$(TEST_HOST)";
				INFOPLIST_FILE = DEUSearchBTests/Info.plist;
				LD_RUNPATH_SEARCH_PATHS = "$(inherited) @executable_path/Frameworks @loader_path/Frameworks";
				PRODUCT_BUNDLE_IDENTIFIER = "-01531479.DEUSearchBTests";
				PRODUCT_NAME = "$(TARGET_NAME)";
				SWIFT_VERSION = 3.0;
				TEST_HOST = "$(BUILT_PRODUCTS_DIR)/DEUSearchB.app/DEUSearchB";
			};
			name = Debug;
		};
		CD025F6C1FBD541E009AEC61 /* Release */ = {
			isa = XCBuildConfiguration;
			buildSettings = {
				ALWAYS_EMBED_SWIFT_STANDARD_LIBRARIES = YES;
				BUNDLE_LOADER = "$(TEST_HOST)";
				INFOPLIST_FILE = DEUSearchBTests/Info.plist;
				LD_RUNPATH_SEARCH_PATHS = "$(inherited) @executable_path/Frameworks @loader_path/Frameworks";
				PRODUCT_BUNDLE_IDENTIFIER = "-01531479.DEUSearchBTests";
				PRODUCT_NAME = "$(TARGET_NAME)";
				SWIFT_VERSION = 3.0;
				TEST_HOST = "$(BUILT_PRODUCTS_DIR)/DEUSearchB.app/DEUSearchB";
			};
			name = Release;
		};
		CD025F6E1FBD541E009AEC61 /* Debug */ = {
			isa = XCBuildConfiguration;
			buildSettings = {
				ALWAYS_EMBED_SWIFT_STANDARD_LIBRARIES = YES;
				INFOPLIST_FILE = DEUSearchBUITests/Info.plist;
				LD_RUNPATH_SEARCH_PATHS = "$(inherited) @executable_path/Frameworks @loader_path/Frameworks";
				PRODUCT_BUNDLE_IDENTIFIER = "-01531479.DEUSearchBUITests";
				PRODUCT_NAME = "$(TARGET_NAME)";
				SWIFT_VERSION = 3.0;
				TEST_TARGET_NAME = DEUSearchB;
			};
			name = Debug;
		};
		CD025F6F1FBD541E009AEC61 /* Release */ = {
			isa = XCBuildConfiguration;
			buildSettings = {
				ALWAYS_EMBED_SWIFT_STANDARD_LIBRARIES = YES;
				INFOPLIST_FILE = DEUSearchBUITests/Info.plist;
				LD_RUNPATH_SEARCH_PATHS = "$(inherited) @executable_path/Frameworks @loader_path/Frameworks";
				PRODUCT_BUNDLE_IDENTIFIER = "-01531479.DEUSearchBUITests";
				PRODUCT_NAME = "$(TARGET_NAME)";
				SWIFT_VERSION = 3.0;
				TEST_TARGET_NAME = DEUSearchB;
			};
			name = Release;
		};
/* End XCBuildConfiguration section */

/* Begin XCConfigurationList section */
		CD025F3A1FBD541E009AEC61 /* Build configuration list for PBXProject "DEUSearchB" */ = {
			isa = XCConfigurationList;
			buildConfigurations = (
				CD025F651FBD541E009AEC61 /* Debug */,
				CD025F661FBD541E009AEC61 /* Release */,
			);
			defaultConfigurationIsVisible = 0;
			defaultConfigurationName = Release;
		};
		CD025F671FBD541E009AEC61 /* Build configuration list for PBXNativeTarget "DEUSearchB" */ = {
			isa = XCConfigurationList;
			buildConfigurations = (
				CD025F681FBD541E009AEC61 /* Debug */,
				CD025F691FBD541E009AEC61 /* Release */,
			);
			defaultConfigurationIsVisible = 0;
		};
		CD025F6A1FBD541E009AEC61 /* Build configuration list for PBXNativeTarget "DEUSearchBTests" */ = {
			isa = XCConfigurationList;
			buildConfigurations = (
				CD025F6B1FBD541E009AEC61 /* Debug */,
				CD025F6C1FBD541E009AEC61 /* Release */,
			);
			defaultConfigurationIsVisible = 0;
		};
		CD025F6D1FBD541E009AEC61 /* Build configuration list for PBXNativeTarget "DEUSearchBUITests" */ = {
			isa = XCConfigurationList;
			buildConfigurations = (
				CD025F6E1FBD541E009AEC61 /* Debug */,
				CD025F6F1FBD541E009AEC61 /* Release */,
			);
			defaultConfigurationIsVisible = 0;
		};
/* End XCConfigurationList section */
	};
	rootObject = CD025F371FBD541E009AEC61 /* Project object */;
}
